
Microsoft Visual Studio Solution File, Format Version 12.00
# Visual Studio Version 16
VisualStudioVersion = 16.0.30907.101
MinimumVisualStudioVersion = 10.0.40219.1
Project("{FAE04EC0-301F-11D3-BF4B-00C04F79EFBC}") = "Övningsuppgift", "Övningsuppgift\Övningsuppgift.csproj", "{B92A4783-F91D-45BF-9BD1-9F37D63FD8A7}"
EndProject
Project("{FAE04EC0-301F-11D3-BF4B-00C04F79EFBC}") = "Repository", "Repository\Repository.csproj", "{EF0750EF-6A7A-408F-9C5A-660BB61FCD87}"
EndProject
Global
	GlobalSection(SolutionConfigurationPlatforms) = preSolution
		Debug|Any CPU = Debug|Any CPU
		Release|Any CPU = Release|Any CPU
	EndGlobalSection
	GlobalSection(ProjectConfigurationPlatforms) = postSolution
		{B92A4783-F91D-45BF-9BD1-9F37D63FD8A7}.Debug|Any CPU.ActiveCfg = Debug|Any CPU
		{B92A4783-F91D-45BF-9BD1-9F37D63FD8A7}.Debug|Any CPU.Build.0 = Debug|Any CPU
		{B92A4783-F91D-45BF-9BD1-9F37D63FD8A7}.Release|Any CPU.ActiveCfg = Release|Any CPU
		{B92A4783-F91D-45BF-9BD1-9F37D63FD8A7}.Release|Any CPU.Build.0 = Release|Any CPU
		{EF0750EF-6A7A-408F-9C5A-660BB61FCD87}.Debug|Any CPU.ActiveCfg = Debug|Any CPU
		{EF0750EF-6A7A-408F-9C5A-660BB61FCD87}.Debug|Any CPU.Build.0 = Debug|Any CPU
		{EF0750EF-6A7A-408F-9C5A-660BB61FCD87}.Release|Any CPU.ActiveCfg = Release|Any CPU
		{EF0750EF-6A7A-408F-9C5A-660BB61FCD87}.Release|Any CPU.Build.0 = Release|Any CPU
	EndGlobalSection
	GlobalSection(SolutionProperties) = preSolution
		HideSolutionNode = FALSE
	EndGlobalSection
	GlobalSection(ExtensibilityGlobals) = postSolution
		SolutionGuid = {C5FDFA10-AE6B-43FA-9B14-99DDB1AF6AAD}
	EndGlobalSection
EndGlobal
