
Microsoft Visual Studio Solution File, Format Version 12.00
# Visual Studio Version 16
VisualStudioVersion = 16.0.30907.101
MinimumVisualStudioVersion = 10.0.40219.1
Project("{FAE04EC0-301F-11D3-BF4B-00C04F79EFBC}") = "ProductSite", "ProductSite\ProductSite.csproj", "{4A657804-9C67-487C-93AF-ED5C26ED79B9}"
EndProject
Global
	GlobalSection(SolutionConfigurationPlatforms) = preSolution
		Debug|Any CPU = Debug|Any CPU
		Release|Any CPU = Release|Any CPU
	EndGlobalSection
	GlobalSection(ProjectConfigurationPlatforms) = postSolution
		{4A657804-9C67-487C-93AF-ED5C26ED79B9}.Debug|Any CPU.ActiveCfg = Debug|Any CPU
		{4A657804-9C67-487C-93AF-ED5C26ED79B9}.Debug|Any CPU.Build.0 = Debug|Any CPU
		{4A657804-9C67-487C-93AF-ED5C26ED79B9}.Release|Any CPU.ActiveCfg = Release|Any CPU
		{4A657804-9C67-487C-93AF-ED5C26ED79B9}.Release|Any CPU.Build.0 = Release|Any CPU
	EndGlobalSection
	GlobalSection(SolutionProperties) = preSolution
		HideSolutionNode = FALSE
	EndGlobalSection
	GlobalSection(ExtensibilityGlobals) = postSolution
		SolutionGuid = {DBBE23D9-EA92-4600-9E0A-E944BA2AFA1C}
	EndGlobalSection
EndGlobal
