
Microsoft Visual Studio Solution File, Format Version 12.00
# Visual Studio Version 16
VisualStudioVersion = 16.0.30907.101
MinimumVisualStudioVersion = 10.0.40219.1
Project("{FAE04EC0-301F-11D3-BF4B-00C04F79EFBC}") = "RepDepInjAndPartialView", "RepDepInjAndPartialView\RepDepInjAndPartialView.csproj", "{9641D6BB-A2BB-4BCA-B765-6B2EBB9E0E6D}"
EndProject
Global
	GlobalSection(SolutionConfigurationPlatforms) = preSolution
		Debug|Any CPU = Debug|Any CPU
		Release|Any CPU = Release|Any CPU
	EndGlobalSection
	GlobalSection(ProjectConfigurationPlatforms) = postSolution
		{9641D6BB-A2BB-4BCA-B765-6B2EBB9E0E6D}.Debug|Any CPU.ActiveCfg = Debug|Any CPU
		{9641D6BB-A2BB-4BCA-B765-6B2EBB9E0E6D}.Debug|Any CPU.Build.0 = Debug|Any CPU
		{9641D6BB-A2BB-4BCA-B765-6B2EBB9E0E6D}.Release|Any CPU.ActiveCfg = Release|Any CPU
		{9641D6BB-A2BB-4BCA-B765-6B2EBB9E0E6D}.Release|Any CPU.Build.0 = Release|Any CPU
	EndGlobalSection
	GlobalSection(SolutionProperties) = preSolution
		HideSolutionNode = FALSE
	EndGlobalSection
	GlobalSection(ExtensibilityGlobals) = postSolution
		SolutionGuid = {734F4E63-95B5-4828-9B9F-23BD64B3608C}
	EndGlobalSection
EndGlobal
